PODS:
  - AppAuth (1.4.0):
    - AppAuth/Core (= 1.4.0)
    - AppAuth/ExternalUserAgent (= 1.4.0)
  - AppAuth/Core (1.4.0)
  - AppAuth/ExternalUserAgent (1.4.0)
  - boost-for-react-native (1.63.0)
  - BVLinearGradient (2.5.6):
    - React
  - Charts (3.3.0):
    - Charts/Core (= 3.3.0)
  - Charts/Core (3.3.0)
  - CocoaAsyncSocket (7.6.5)
  - DoubleConversion (1.1.6)
  - FBLazyVector (0.64.2)
  - FBReactNativeSpec (0.64.2):
    - RCT-Folly (= 2020.01.13.00)
    - RCTRequired (= 0.64.2)
    - RCTTypeSafety (= 0.64.2)
    - React-Core (= 0.64.2)
    - React-jsi (= 0.64.2)
    - ReactCommon/turbomodule/core (= 0.64.2)
  - Firebase/CoreOnly (7.1.0):
    - FirebaseCore (= 7.1.0)
  - Firebase/Crashlytics (7.1.0):
    - Firebase/CoreOnly
    - FirebaseCrashlytics (~> 7.1.0)
  - Firebase/Messaging (7.1.0):
    - Firebase/CoreOnly
    - FirebaseMessaging (~> 7.1.0)
  - FirebaseCore (7.1.0):
    - FirebaseCoreDiagnostics (~> 7.0)
    - GoogleUtilities/Environment (~> 7.0)
    - GoogleUtilities/Logger (~> 7.0)
  - FirebaseCoreDiagnostics (7.3.0):
    - GoogleDataTransport (~> 8.0)
    - GoogleUtilities/Environment (~> 7.0)
    - GoogleUtilities/Logger (~> 7.0)
    - nanopb (~> 2.30906.0)
  - FirebaseCrashlytics (7.1.0):
    - FirebaseCore (~> 7.0)
    - FirebaseInstallations (~> 7.0)
    - GoogleDataTransport (~> 8.0)
    - nanopb (~> 2.30906.0)
    - PromisesObjC (~> 1.2)
  - FirebaseInstallations (7.11.0):
    - FirebaseCore (~> 7.0)
    - GoogleUtilities/Environment (~> 7.0)
    - GoogleUtilities/UserDefaults (~> 7.0)
    - PromisesObjC (~> 1.2)
  - FirebaseInstanceID (7.11.0):
    - FirebaseCore (~> 7.0)
    - FirebaseInstallations (~> 7.0)
    - GoogleUtilities/Environment (~> 7.0)
    - GoogleUtilities/UserDefaults (~> 7.0)
  - FirebaseMessaging (7.1.0):
    - FirebaseCore (~> 7.0)
    - FirebaseInstanceID (~> 7.0)
    - GoogleUtilities/AppDelegateSwizzler (~> 7.0)
    - GoogleUtilities/Environment (~> 7.0)
    - GoogleUtilities/Reachability (~> 7.0)
    - GoogleUtilities/UserDefaults (~> 7.0)
  - Flipper (0.75.1):
    - Flipper-Folly (~> 2.5)
    - Flipper-RSocket (~> 1.3)
  - Flipper-DoubleConversion (1.1.7)
  - Flipper-Folly (2.5.3):
    - boost-for-react-native
    - Flipper-DoubleConversion
    - Flipper-Glog
    - libevent (~> 2.1.12)
    - OpenSSL-Universal (= 1.1.180)
  - Flipper-Glog (0.3.6)
  - Flipper-PeerTalk (0.0.4)
  - Flipper-RSocket (1.3.1):
    - Flipper-Folly (~> 2.5)
  - FlipperKit (0.75.1):
    - FlipperKit/Core (= 0.75.1)
  - FlipperKit/Core (0.75.1):
    - Flipper (~> 0.75.1)
    - FlipperKit/CppBridge
    - FlipperKit/FBCxxFollyDynamicConvert
    - FlipperKit/FBDefines
    - FlipperKit/FKPortForwarding
  - FlipperKit/CppBridge (0.75.1):
    - Flipper (~> 0.75.1)
  - FlipperKit/FBCxxFollyDynamicConvert (0.75.1):
    - Flipper-Folly (~> 2.5)
  - FlipperKit/FBDefines (0.75.1)
  - FlipperKit/FKPortForwarding (0.75.1):
    - CocoaAsyncSocket (~> 7.6)
    - Flipper-PeerTalk (~> 0.0.4)
  - FlipperKit/FlipperKitHighlightOverlay (0.75.1)
  - FlipperKit/FlipperKitLayoutPlugin (0.75.1):
    - FlipperKit/Core
    - FlipperKit/FlipperKitHighlightOverlay
    - FlipperKit/FlipperKitLayoutTextSearchable
    - YogaKit (~> 1.18)
  - FlipperKit/FlipperKitLayoutTextSearchable (0.75.1)
  - FlipperKit/FlipperKitNetworkPlugin (0.75.1):
    - FlipperKit/Core
  - FlipperKit/FlipperKitReactPlugin (0.75.1):
    - FlipperKit/Core
  - FlipperKit/FlipperKitUserDefaultsPlugin (0.75.1):
    - FlipperKit/Core
  - FlipperKit/SKIOSNetworkPlugin (0.75.1):
    - FlipperKit/Core
    - FlipperKit/FlipperKitNetworkPlugin
  - glog (0.3.5)
  - GoogleDataTransport (8.1.0):
    - nanopb (~> 2.30906.0)
  - GoogleSignIn (5.0.2):
    - AppAuth (~> 1.2)
    - GTMAppAuth (~> 1.0)
    - GTMSessionFetcher/Core (~> 1.1)
  - GoogleUtilities/AppDelegateSwizzler (7.5.0):
    - GoogleUtilities/Environment
    - GoogleUtilities/Logger
    - GoogleUtilities/Network
  - GoogleUtilities/Environment (7.5.0):
    - PromisesObjC (< 3.0, >= 1.2)
  - GoogleUtilities/Logger (7.5.0):
    - GoogleUtilities/Environment
  - GoogleUtilities/Network (7.5.0):
    - GoogleUtilities/Logger
    - "GoogleUtilities/NSData+zlib"
    - GoogleUtilities/Reachability
  - "GoogleUtilities/NSData+zlib (7.5.0)"
  - GoogleUtilities/Reachability (7.5.0):
    - GoogleUtilities/Logger
  - GoogleUtilities/UserDefaults (7.5.0):
    - GoogleUtilities/Logger
  - GTMAppAuth (1.2.2):
    - AppAuth/Core (~> 1.4)
    - GTMSessionFetcher/Core (~> 1.5)
  - GTMSessionFetcher/Core (1.6.1)
  - hermes-engine (0.7.2)
  - libevent (2.1.12)
  - libwebp (1.2.0):
    - libwebp/demux (= 1.2.0)
    - libwebp/mux (= 1.2.0)
    - libwebp/webp (= 1.2.0)
  - libwebp/demux (1.2.0):
    - libwebp/webp
  - libwebp/mux (1.2.0):
    - libwebp/demux
  - libwebp/webp (1.2.0)
  - nanopb (2.30906.0):
    - nanopb/decode (= 2.30906.0)
    - nanopb/encode (= 2.30906.0)
  - nanopb/decode (2.30906.0)
  - nanopb/encode (2.30906.0)
  - OpenSSL-Universal (1.1.180)
  - Permission-Camera (2.2.2):
    - RNPermissions
  - Permission-Microphone (2.2.2):
    - RNPermissions
  - Permission-PhotoLibrary (2.2.2):
    - RNPermissions
  - PromisesObjC (1.2.12)
  - RCT-Folly (2020.01.13.00):
    - boost-for-react-native
    - DoubleConversion
    - glog
    - RCT-Folly/Default (= 2020.01.13.00)
  - RCT-Folly/Default (2020.01.13.00):
    - boost-for-react-native
    - DoubleConversion
    - glog
  - RCT-Folly/Futures (2020.01.13.00):
    - boost-for-react-native
    - DoubleConversion
    - glog
    - libevent
  - RCTRequired (0.64.2)
  - RCTTypeSafety (0.64.2):
    - FBLazyVector (= 0.64.2)
    - RCT-Folly (= 2020.01.13.00)
    - RCTRequired (= 0.64.2)
    - React-Core (= 0.64.2)
  - React (0.64.2):
    - React-Core (= 0.64.2)
    - React-Core/DevSupport (= 0.64.2)
    - React-Core/RCTWebSocket (= 0.64.2)
    - React-RCTActionSheet (= 0.64.2)
    - React-RCTAnimation (= 0.64.2)
    - React-RCTBlob (= 0.64.2)
    - React-RCTImage (= 0.64.2)
    - React-RCTLinking (= 0.64.2)
    - React-RCTNetwork (= 0.64.2)
    - React-RCTSettings (= 0.64.2)
    - React-RCTText (= 0.64.2)
    - React-RCTVibration (= 0.64.2)
  - React-callinvoker (0.64.2)
  - React-Core (0.64.2):
    - glog
    - RCT-Folly (= 2020.01.13.00)
    - React-Core/Default (= 0.64.2)
    - React-cxxreact (= 0.64.2)
    - React-jsi (= 0.64.2)
    - React-jsiexecutor (= 0.64.2)
    - React-perflogger (= 0.64.2)
    - Yoga
  - React-Core/CoreModulesHeaders (0.64.2):
    - glog
    - RCT-Folly (= 2020.01.13.00)
    - React-Core/Default
    - React-cxxreact (= 0.64.2)
    - React-jsi (= 0.64.2)
    - React-jsiexecutor (= 0.64.2)
    - React-perflogger (= 0.64.2)
    - Yoga
  - React-Core/Default (0.64.2):
    - glog
    - RCT-Folly (= 2020.01.13.00)
    - React-cxxreact (= 0.64.2)
    - React-jsi (= 0.64.2)
    - React-jsiexecutor (= 0.64.2)
    - React-perflogger (= 0.64.2)
    - Yoga
  - React-Core/DevSupport (0.64.2):
    - glog
    - RCT-Folly (= 2020.01.13.00)
    - React-Core/Default (= 0.64.2)
    - React-Core/RCTWebSocket (= 0.64.2)
    - React-cxxreact (= 0.64.2)
    - React-jsi (= 0.64.2)
    - React-jsiexecutor (= 0.64.2)
    - React-jsinspector (= 0.64.2)
    - React-perflogger (= 0.64.2)
    - Yoga
  - React-Core/Hermes (0.64.2):
    - glog
    - hermes-engine
    - RCT-Folly (= 2020.01.13.00)
    - RCT-Folly/Futures
    - React-cxxreact (= 0.64.2)
    - React-jsi (= 0.64.2)
    - React-jsiexecutor (= 0.64.2)
    - React-perflogger (= 0.64.2)
    - Yoga
  - React-Core/RCTActionSheetHeaders (0.64.2):
    - glog
    - RCT-Folly (= 2020.01.13.00)
    - React-Core/Default
    - React-cxxreact (= 0.64.2)
    - React-jsi (= 0.64.2)
    - React-jsiexecutor (= 0.64.2)
    - React-perflogger (= 0.64.2)
    - Yoga
  - React-Core/RCTAnimationHeaders (0.64.2):
    - glog
    - RCT-Folly (= 2020.01.13.00)
    - React-Core/Default
    - React-cxxreact (= 0.64.2)
    - React-jsi (= 0.64.2)
    - React-jsiexecutor (= 0.64.2)
    - React-perflogger (= 0.64.2)
    - Yoga
  - React-Core/RCTBlobHeaders (0.64.2):
    - glog
    - RCT-Folly (= 2020.01.13.00)
    - React-Core/Default
    - React-cxxreact (= 0.64.2)
    - React-jsi (= 0.64.2)
    - React-jsiexecutor (= 0.64.2)
    - React-perflogger (= 0.64.2)
    - Yoga
  - React-Core/RCTImageHeaders (0.64.2):
    - glog
    - RCT-Folly (= 2020.01.13.00)
    - React-Core/Default
    - React-cxxreact (= 0.64.2)
    - React-jsi (= 0.64.2)
    - React-jsiexecutor (= 0.64.2)
    - React-perflogger (= 0.64.2)
    - Yoga
  - React-Core/RCTLinkingHeaders (0.64.2):
    - glog
    - RCT-Folly (= 2020.01.13.00)
    - React-Core/Default
    - React-cxxreact (= 0.64.2)
    - React-jsi (= 0.64.2)
    - React-jsiexecutor (= 0.64.2)
    - React-perflogger (= 0.64.2)
    - Yoga
  - React-Core/RCTNetworkHeaders (0.64.2):
    - glog
    - RCT-Folly (= 2020.01.13.00)
    - React-Core/Default
    - React-cxxreact (= 0.64.2)
    - React-jsi (= 0.64.2)
    - React-jsiexecutor (= 0.64.2)
    - React-perflogger (= 0.64.2)
    - Yoga
  - React-Core/RCTSettingsHeaders (0.64.2):
    - glog
    - RCT-Folly (= 2020.01.13.00)
    - React-Core/Default
    - React-cxxreact (= 0.64.2)
    - React-jsi (= 0.64.2)
    - React-jsiexecutor (= 0.64.2)
    - React-perflogger (= 0.64.2)
    - Yoga
  - React-Core/RCTTextHeaders (0.64.2):
    - glog
    - RCT-Folly (= 2020.01.13.00)
    - React-Core/Default
    - React-cxxreact (= 0.64.2)
    - React-jsi (= 0.64.2)
    - React-jsiexecutor (= 0.64.2)
    - React-perflogger (= 0.64.2)
    - Yoga
  - React-Core/RCTVibrationHeaders (0.64.2):
    - glog
    - RCT-Folly (= 2020.01.13.00)
    - React-Core/Default
    - React-cxxreact (= 0.64.2)
    - React-jsi (= 0.64.2)
    - React-jsiexecutor (= 0.64.2)
    - React-perflogger (= 0.64.2)
    - Yoga
  - React-Core/RCTWebSocket (0.64.2):
    - glog
    - RCT-Folly (= 2020.01.13.00)
    - React-Core/Default (= 0.64.2)
    - React-cxxreact (= 0.64.2)
    - React-jsi (= 0.64.2)
    - React-jsiexecutor (= 0.64.2)
    - React-perflogger (= 0.64.2)
    - Yoga
  - React-CoreModules (0.64.2):
    - FBReactNativeSpec (= 0.64.2)
    - RCT-Folly (= 2020.01.13.00)
    - RCTTypeSafety (= 0.64.2)
    - React-Core/CoreModulesHeaders (= 0.64.2)
    - React-jsi (= 0.64.2)
    - React-RCTImage (= 0.64.2)
    - ReactCommon/turbomodule/core (= 0.64.2)
  - React-cxxreact (0.64.2):
    - boost-for-react-native (= 1.63.0)
    - DoubleConversion
    - glog
    - RCT-Folly (= 2020.01.13.00)
    - React-callinvoker (= 0.64.2)
    - React-jsi (= 0.64.2)
    - React-jsinspector (= 0.64.2)
    - React-perflogger (= 0.64.2)
    - React-runtimeexecutor (= 0.64.2)
  - React-jsi (0.64.2):
    - boost-for-react-native (= 1.63.0)
    - DoubleConversion
    - glog
    - RCT-Folly (= 2020.01.13.00)
    - React-jsi/Default (= 0.64.2)
  - React-jsi/Default (0.64.2):
    - boost-for-react-native (= 1.63.0)
    - DoubleConversion
    - glog
    - RCT-Folly (= 2020.01.13.00)
  - React-jsiexecutor (0.64.2):
    - DoubleConversion
    - glog
    - RCT-Folly (= 2020.01.13.00)
    - React-cxxreact (= 0.64.2)
    - React-jsi (= 0.64.2)
    - React-perflogger (= 0.64.2)
  - React-jsinspector (0.64.2)
  - react-native-create-thumbnail (1.2.2):
    - React
  - react-native-date-picker (3.2.10):
    - React-Core
  - react-native-document-picker (5.0.3):
    - React-Core
  - react-native-geolocation (2.0.2):
    - React
  - react-native-image-picker (2.3.4):
    - React-Core
  - react-native-image-resizer (1.4.5):
    - React-Core
  - react-native-netinfo (5.9.10):
    - React-Core
  - react-native-pager-view (5.2.1):
    - React-Core
  - react-native-pdf (6.3.0):
    - React-Core
  - react-native-photo-view-ex (1.1.0):
    - React
  - react-native-progress-bar-android (1.0.4):
    - React
  - react-native-progress-view (1.3.1):
    - React-Core
  - react-native-receive-sharing-intent (1.1.0):
    - React
  - react-native-safe-area-context (3.2.0):
    - React-Core
  - react-native-simple-toast (1.1.3):
    - React-Core
    - Toast (~> 4.0.0)
  - react-native-video (5.1.1):
    - React-Core
    - react-native-video/Video (= 5.1.1)
  - react-native-video/Video (5.1.1):
    - React-Core
  - react-native-voice (1.1.9):
    - React
  - react-native-webview (11.6.4):
    - React-Core
  - React-perflogger (0.64.2)
  - React-RCTActionSheet (0.64.2):
    - React-Core/RCTActionSheetHeaders (= 0.64.2)
  - React-RCTAnimation (0.64.2):
    - FBReactNativeSpec (= 0.64.2)
    - RCT-Folly (= 2020.01.13.00)
    - RCTTypeSafety (= 0.64.2)
    - React-Core/RCTAnimationHeaders (= 0.64.2)
    - React-jsi (= 0.64.2)
    - ReactCommon/turbomodule/core (= 0.64.2)
  - React-RCTBlob (0.64.2):
    - FBReactNativeSpec (= 0.64.2)
    - RCT-Folly (= 2020.01.13.00)
    - React-Core/RCTBlobHeaders (= 0.64.2)
    - React-Core/RCTWebSocket (= 0.64.2)
    - React-jsi (= 0.64.2)
    - React-RCTNetwork (= 0.64.2)
    - ReactCommon/turbomodule/core (= 0.64.2)
  - React-RCTImage (0.64.2):
    - FBReactNativeSpec (= 0.64.2)
    - RCT-Folly (= 2020.01.13.00)
    - RCTTypeSafety (= 0.64.2)
    - React-Core/RCTImageHeaders (= 0.64.2)
    - React-jsi (= 0.64.2)
    - React-RCTNetwork (= 0.64.2)
    - ReactCommon/turbomodule/core (= 0.64.2)
  - React-RCTLinking (0.64.2):
    - FBReactNativeSpec (= 0.64.2)
    - React-Core/RCTLinkingHeaders (= 0.64.2)
    - React-jsi (= 0.64.2)
    - ReactCommon/turbomodule/core (= 0.64.2)
  - React-RCTNetwork (0.64.2):
    - FBReactNativeSpec (= 0.64.2)
    - RCT-Folly (= 2020.01.13.00)
    - RCTTypeSafety (= 0.64.2)
    - React-Core/RCTNetworkHeaders (= 0.64.2)
    - React-jsi (= 0.64.2)
    - ReactCommon/turbomodule/core (= 0.64.2)
  - React-RCTSettings (0.64.2):
    - FBReactNativeSpec (= 0.64.2)
    - RCT-Folly (= 2020.01.13.00)
    - RCTTypeSafety (= 0.64.2)
    - React-Core/RCTSettingsHeaders (= 0.64.2)
    - React-jsi (= 0.64.2)
    - ReactCommon/turbomodule/core (= 0.64.2)
  - React-RCTText (0.64.2):
    - React-Core/RCTTextHeaders (= 0.64.2)
  - React-RCTVibration (0.64.2):
    - FBReactNativeSpec (= 0.64.2)
    - RCT-Folly (= 2020.01.13.00)
    - React-Core/RCTVibrationHeaders (= 0.64.2)
    - React-jsi (= 0.64.2)
    - ReactCommon/turbomodule/core (= 0.64.2)
  - React-runtimeexecutor (0.64.2):
    - React-jsi (= 0.64.2)
  - ReactCommon/turbomodule/core (0.64.2):
    - DoubleConversion
    - glog
    - RCT-Folly (= 2020.01.13.00)
    - React-callinvoker (= 0.64.2)
    - React-Core (= 0.64.2)
    - React-cxxreact (= 0.64.2)
    - React-jsi (= 0.64.2)
    - React-perflogger (= 0.64.2)
  - ReactNativeAudioToolkit (2.0.3):
    - React
  - rn-fetch-blob (0.12.0):
    - React-Core
  - RNAudioRecorderPlayer (2.5.3):
    - React
  - RNBootSplash (3.2.3):
    - React-Core
  - RNCAsyncStorage (1.12.1):
    - React-Core
  - RNCCheckbox (0.5.7):
    - React-Core
  - RNCClipboard (1.5.1):
    - React-Core
  - RNCharts (0.5.7):
    - Charts (= 3.3.0)
    - React
    - SwiftyJSON (= 5.0)
  - RNCMaskedView (0.1.10):
    - React
  - RNCPicker (1.8.1):
    - React-Core
  - RNCPushNotificationIOS (1.8.0):
    - React-Core
  - RNDeviceInfo (8.1.3):
    - React-Core
  - RNFastImage (8.3.4):
    - React-Core
    - SDWebImage (~> 5.8)
    - SDWebImageWebPCoder (~> 0.6.1)
  - RNFBApp (11.5.0):
    - Firebase/CoreOnly (= 7.1.0)
    - React-Core
  - RNFBCrashlytics (11.5.0):
    - Firebase/Crashlytics (= 7.1.0)
    - React-Core
    - RNFBApp
  - RNFBMessaging (10.8.1):
    - Firebase/Messaging (= 7.1.0)
    - React-Core
    - RNFBApp
  - RNFileViewer (2.1.4):
    - React-Core
  - RNFS (2.17.0):
    - React
  - RNGestureHandler (1.10.3):
    - React-Core
  - RNGoogleSignin (4.0.3):
    - GoogleSignIn (~> 5.0.0)
    - React
  - RNImageCropPicker (0.35.3):
    - React-Core
    - React-RCTImage
    - RNImageCropPicker/QBImagePickerController (= 0.35.3)
    - TOCropViewController
  - RNImageCropPicker/QBImagePickerController (0.35.3):
    - React-Core
    - React-RCTImage
    - TOCropViewController
  - RNPermissions (2.2.2):
    - React-Core
  - RNReanimated (2.2.0):
    - DoubleConversion
    - FBLazyVector
    - FBReactNativeSpec
    - glog
    - RCT-Folly
    - RCTRequired
    - RCTTypeSafety
    - React
    - React-callinvoker
    - React-Core
    - React-Core/DevSupport
    - React-Core/RCTWebSocket
    - React-CoreModules
    - React-cxxreact
    - React-jsi
    - React-jsiexecutor
    - React-jsinspector
    - React-RCTActionSheet
    - React-RCTAnimation
    - React-RCTBlob
    - React-RCTImage
    - React-RCTLinking
    - React-RCTNetwork
    - React-RCTSettings
    - React-RCTText
    - React-RCTVibration
    - ReactCommon/turbomodule/core
    - Yoga
  - RNScreens (2.18.1):
    - React-Core
  - RNSound (0.11.0):
    - React
    - RNSound/Core (= 0.11.0)
  - RNSound/Core (0.11.0):
    - React
  - RNSoundPlayer (0.10.7):
    - React
  - RNSVG (12.1.1):
    - React
  - RNVectorIcons (7.1.0):
    - React
  - SDWebImage (5.11.1):
    - SDWebImage/Core (= 5.11.1)
  - SDWebImage/Core (5.11.1)
  - SDWebImageWebPCoder (0.6.1):
    - libwebp (~> 1.0)
    - SDWebImage/Core (~> 5.7)
  - simdjson (0.9.6-fix2)
  - SwiftyJSON (5.0.0)
  - TextToSpeech (2.0.0):
    - React
  - Toast (4.0.0)
  - TOCropViewController (2.6.0)
  - WatermelonDB (0.23.0):
    - React
    - React-jsi
  - Yoga (1.14.0)
  - YogaKit (1.18.1):
    - Yoga (~> 1.14)

DEPENDENCIES:
  - BVLinearGradient (from `../node_modules/react-native-linear-gradient`)
  - DoubleConversion (from `../node_modules/react-native/third-party-podspecs/DoubleConversion.podspec`)
  - FBLazyVector (from `../node_modules/react-native/Libraries/FBLazyVector`)
  - FBReactNativeSpec (from `../node_modules/react-native/React/FBReactNativeSpec`)
  - Flipper (~> 0.75.1)
  - Flipper-DoubleConversion (= 1.1.7)
  - Flipper-Folly (~> 2.5.3)
  - Flipper-Glog (= 0.3.6)
  - Flipper-PeerTalk (~> 0.0.4)
  - Flipper-RSocket (~> 1.3)
  - FlipperKit (~> 0.75.1)
  - FlipperKit/Core (~> 0.75.1)
  - FlipperKit/CppBridge (~> 0.75.1)
  - FlipperKit/FBCxxFollyDynamicConvert (~> 0.75.1)
  - FlipperKit/FBDefines (~> 0.75.1)
  - FlipperKit/FKPortForwarding (~> 0.75.1)
  - FlipperKit/FlipperKitHighlightOverlay (~> 0.75.1)
  - FlipperKit/FlipperKitLayoutPlugin (~> 0.75.1)
  - FlipperKit/FlipperKitLayoutTextSearchable (~> 0.75.1)
  - FlipperKit/FlipperKitNetworkPlugin (~> 0.75.1)
  - FlipperKit/FlipperKitReactPlugin (~> 0.75.1)
  - FlipperKit/FlipperKitUserDefaultsPlugin (~> 0.75.1)
  - FlipperKit/SKIOSNetworkPlugin (~> 0.75.1)
  - glog (from `../node_modules/react-native/third-party-podspecs/glog.podspec`)
  - hermes-engine (~> 0.7.2)
  - libevent (~> 2.1.12)
  - Permission-Camera (from `../node_modules/react-native-permissions/ios/Camera.podspec`)
  - Permission-Microphone (from `../node_modules/react-native-permissions/ios/Microphone.podspec`)
  - Permission-PhotoLibrary (from `../node_modules/react-native-permissions/ios/PhotoLibrary.podspec`)
  - RCT-Folly (from `../node_modules/react-native/third-party-podspecs/RCT-Folly.podspec`)
  - RCTRequired (from `../node_modules/react-native/Libraries/RCTRequired`)
  - RCTTypeSafety (from `../node_modules/react-native/Libraries/TypeSafety`)
  - React (from `../node_modules/react-native/`)
  - React-callinvoker (from `../node_modules/react-native/ReactCommon/callinvoker`)
  - React-Core (from `../node_modules/react-native/`)
  - React-Core/DevSupport (from `../node_modules/react-native/`)
  - React-Core/Hermes (from `../node_modules/react-native/`)
  - React-Core/RCTWebSocket (from `../node_modules/react-native/`)
  - React-CoreModules (from `../node_modules/react-native/React/CoreModules`)
  - React-cxxreact (from `../node_modules/react-native/ReactCommon/cxxreact`)
  - React-jsi (from `../node_modules/react-native/ReactCommon/jsi`)
  - React-jsiexecutor (from `../node_modules/react-native/ReactCommon/jsiexecutor`)
  - React-jsinspector (from `../node_modules/react-native/ReactCommon/jsinspector`)
  - react-native-create-thumbnail (from `../node_modules/react-native-create-thumbnail`)
  - react-native-date-picker (from `../node_modules/react-native-date-picker`)
  - react-native-document-picker (from `../node_modules/react-native-document-picker`)
  - "react-native-geolocation (from `../node_modules/@react-native-community/geolocation`)"
  - react-native-image-picker (from `../node_modules/react-native-image-picker`)
  - react-native-image-resizer (from `../node_modules/react-native-image-resizer`)
  - "react-native-netinfo (from `../node_modules/@react-native-community/netinfo`)"
  - react-native-pager-view (from `../node_modules/react-native-pager-view`)
  - react-native-pdf (from `../node_modules/react-native-pdf`)
  - react-native-photo-view-ex (from `../node_modules/react-native-photo-view-ex`)
  - "react-native-progress-bar-android (from `../node_modules/@react-native-community/progress-bar-android`)"
  - "react-native-progress-view (from `../node_modules/@react-native-community/progress-view`)"
  - react-native-receive-sharing-intent (from `../node_modules/react-native-receive-sharing-intent`)
  - react-native-safe-area-context (from `../node_modules/react-native-safe-area-context`)
  - react-native-simple-toast (from `../node_modules/react-native-simple-toast`)
  - react-native-video (from `../node_modules/react-native-video`)
  - "react-native-voice (from `../node_modules/@react-native-community/voice`)"
  - react-native-webview (from `../node_modules/react-native-webview`)
  - React-perflogger (from `../node_modules/react-native/ReactCommon/reactperflogger`)
  - React-RCTActionSheet (from `../node_modules/react-native/Libraries/ActionSheetIOS`)
  - React-RCTAnimation (from `../node_modules/react-native/Libraries/NativeAnimation`)
  - React-RCTBlob (from `../node_modules/react-native/Libraries/Blob`)
  - React-RCTImage (from `../node_modules/react-native/Libraries/Image`)
  - React-RCTLinking (from `../node_modules/react-native/Libraries/LinkingIOS`)
  - React-RCTNetwork (from `../node_modules/react-native/Libraries/Network`)
  - React-RCTSettings (from `../node_modules/react-native/Libraries/Settings`)
  - React-RCTText (from `../node_modules/react-native/Libraries/Text`)
  - React-RCTVibration (from `../node_modules/react-native/Libraries/Vibration`)
  - React-runtimeexecutor (from `../node_modules/react-native/ReactCommon/runtimeexecutor`)
  - ReactCommon/turbomodule/core (from `../node_modules/react-native/ReactCommon`)
  - "ReactNativeAudioToolkit (from `../node_modules/@react-native-community/audio-toolkit`)"
  - rn-fetch-blob (from `../node_modules/rn-fetch-blob`)
  - RNAudioRecorderPlayer (from `../node_modules/react-native-audio-recorder-player`)
  - RNBootSplash (from `../node_modules/react-native-bootsplash`)
  - "RNCAsyncStorage (from `../node_modules/@react-native-community/async-storage`)"
  - "RNCCheckbox (from `../node_modules/@react-native-community/checkbox`)"
  - "RNCClipboard (from `../node_modules/@react-native-community/clipboard`)"
  - RNCharts (from `../node_modules/react-native-charts-wrapper`)
  - "RNCMaskedView (from `../node_modules/@react-native-community/masked-view`)"
  - "RNCPicker (from `../node_modules/@react-native-community/picker`)"
  - "RNCPushNotificationIOS (from `../node_modules/@react-native-community/push-notification-ios`)"
  - RNDeviceInfo (from `../node_modules/react-native-device-info`)
  - RNFastImage (from `../node_modules/react-native-fast-image`)
  - "RNFBApp (from `../node_modules/@react-native-firebase/app`)"
  - "RNFBCrashlytics (from `../node_modules/@react-native-firebase/crashlytics`)"
  - "RNFBMessaging (from `../node_modules/@react-native-firebase/messaging`)"
  - RNFileViewer (from `../node_modules/react-native-file-viewer`)
  - RNFS (from `../node_modules/react-native-fs`)
  - RNGestureHandler (from `../node_modules/react-native-gesture-handler`)
  - "RNGoogleSignin (from `../node_modules/@react-native-community/google-signin`)"
  - RNImageCropPicker (from `../node_modules/react-native-image-crop-picker`)
  - RNPermissions (from `../node_modules/react-native-permissions`)
  - RNReanimated (from `../node_modules/react-native-reanimated`)
  - RNScreens (from `../node_modules/react-native-screens`)
  - RNSound (from `../node_modules/react-native-sound`)
  - RNSoundPlayer (from `../node_modules/react-native-sound-player`)
  - RNSVG (from `../node_modules/react-native-svg`)
  - RNVectorIcons (from `../node_modules/react-native-vector-icons`)
  - "simdjson (from `../node_modules/@nozbe/simdjson`)"
  - TextToSpeech (from `../node_modules/react-native-tts`)
  - "WatermelonDB (from `../node_modules/@nozbe/watermelondb`)"
  - Yoga (from `../node_modules/react-native/ReactCommon/yoga`)

SPEC REPOS:
  trunk:
    - AppAuth
    - boost-for-react-native
    - Charts
    - CocoaAsyncSocket
    - Firebase
    - FirebaseCore
    - FirebaseCoreDiagnostics
    - FirebaseCrashlytics
    - FirebaseInstallations
    - FirebaseInstanceID
    - FirebaseMessaging
    - Flipper
    - Flipper-DoubleConversion
    - Flipper-Folly
    - Flipper-Glog
    - Flipper-PeerTalk
    - Flipper-RSocket
    - FlipperKit
    - GoogleDataTransport
    - GoogleSignIn
    - GoogleUtilities
    - GTMAppAuth
    - GTMSessionFetcher
    - hermes-engine
    - libevent
    - libwebp
    - nanopb
    - OpenSSL-Universal
    - PromisesObjC
    - SDWebImage
    - SDWebImageWebPCoder
    - SwiftyJSON
    - Toast
    - TOCropViewController
    - YogaKit

EXTERNAL SOURCES:
  BVLinearGradient:
    :path: "../node_modules/react-native-linear-gradient"
  DoubleConversion:
    :podspec: "../node_modules/react-native/third-party-podspecs/DoubleConversion.podspec"
  FBLazyVector:
    :path: "../node_modules/react-native/Libraries/FBLazyVector"
  FBReactNativeSpec:
    :path: "../node_modules/react-native/React/FBReactNativeSpec"
  glog:
    :podspec: "../node_modules/react-native/third-party-podspecs/glog.podspec"
  Permission-Camera:
    :path: "../node_modules/react-native-permissions/ios/Camera.podspec"
  Permission-Microphone:
    :path: "../node_modules/react-native-permissions/ios/Microphone.podspec"
  Permission-PhotoLibrary:
    :path: "../node_modules/react-native-permissions/ios/PhotoLibrary.podspec"
  RCT-Folly:
    :podspec: "../node_modules/react-native/third-party-podspecs/RCT-Folly.podspec"
  RCTRequired:
    :path: "../node_modules/react-native/Libraries/RCTRequired"
  RCTTypeSafety:
    :path: "../node_modules/react-native/Libraries/TypeSafety"
  React:
    :path: "../node_modules/react-native/"
  React-callinvoker:
    :path: "../node_modules/react-native/ReactCommon/callinvoker"
  React-Core:
    :path: "../node_modules/react-native/"
  React-CoreModules:
    :path: "../node_modules/react-native/React/CoreModules"
  React-cxxreact:
    :path: "../node_modules/react-native/ReactCommon/cxxreact"
  React-jsi:
    :path: "../node_modules/react-native/ReactCommon/jsi"
  React-jsiexecutor:
    :path: "../node_modules/react-native/ReactCommon/jsiexecutor"
  React-jsinspector:
    :path: "../node_modules/react-native/ReactCommon/jsinspector"
  react-native-create-thumbnail:
    :path: "../node_modules/react-native-create-thumbnail"
  react-native-date-picker:
    :path: "../node_modules/react-native-date-picker"
  react-native-document-picker:
    :path: "../node_modules/react-native-document-picker"
  react-native-geolocation:
    :path: "../node_modules/@react-native-community/geolocation"
  react-native-image-picker:
    :path: "../node_modules/react-native-image-picker"
  react-native-image-resizer:
    :path: "../node_modules/react-native-image-resizer"
  react-native-netinfo:
    :path: "../node_modules/@react-native-community/netinfo"
  react-native-pager-view:
    :path: "../node_modules/react-native-pager-view"
  react-native-pdf:
    :path: "../node_modules/react-native-pdf"
  react-native-photo-view-ex:
    :path: "../node_modules/react-native-photo-view-ex"
  react-native-progress-bar-android:
    :path: "../node_modules/@react-native-community/progress-bar-android"
  react-native-progress-view:
    :path: "../node_modules/@react-native-community/progress-view"
  react-native-receive-sharing-intent:
    :path: "../node_modules/react-native-receive-sharing-intent"
  react-native-safe-area-context:
    :path: "../node_modules/react-native-safe-area-context"
  react-native-simple-toast:
    :path: "../node_modules/react-native-simple-toast"
  react-native-video:
    :path: "../node_modules/react-native-video"
  react-native-voice:
    :path: "../node_modules/@react-native-community/voice"
  react-native-webview:
    :path: "../node_modules/react-native-webview"
  React-perflogger:
    :path: "../node_modules/react-native/ReactCommon/reactperflogger"
  React-RCTActionSheet:
    :path: "../node_modules/react-native/Libraries/ActionSheetIOS"
  React-RCTAnimation:
    :path: "../node_modules/react-native/Libraries/NativeAnimation"
  React-RCTBlob:
    :path: "../node_modules/react-native/Libraries/Blob"
  React-RCTImage:
    :path: "../node_modules/react-native/Libraries/Image"
  React-RCTLinking:
    :path: "../node_modules/react-native/Libraries/LinkingIOS"
  React-RCTNetwork:
    :path: "../node_modules/react-native/Libraries/Network"
  React-RCTSettings:
    :path: "../node_modules/react-native/Libraries/Settings"
  React-RCTText:
    :path: "../node_modules/react-native/Libraries/Text"
  React-RCTVibration:
    :path: "../node_modules/react-native/Libraries/Vibration"
  React-runtimeexecutor:
    :path: "../node_modules/react-native/ReactCommon/runtimeexecutor"
  ReactCommon:
    :path: "../node_modules/react-native/ReactCommon"
  ReactNativeAudioToolkit:
    :path: "../node_modules/@react-native-community/audio-toolkit"
  rn-fetch-blob:
    :path: "../node_modules/rn-fetch-blob"
  RNAudioRecorderPlayer:
    :path: "../node_modules/react-native-audio-recorder-player"
  RNBootSplash:
    :path: "../node_modules/react-native-bootsplash"
  RNCAsyncStorage:
    :path: "../node_modules/@react-native-community/async-storage"
  RNCCheckbox:
    :path: "../node_modules/@react-native-community/checkbox"
  RNCClipboard:
    :path: "../node_modules/@react-native-community/clipboard"
  RNCharts:
    :path: "../node_modules/react-native-charts-wrapper"
  RNCMaskedView:
    :path: "../node_modules/@react-native-community/masked-view"
  RNCPicker:
    :path: "../node_modules/@react-native-community/picker"
  RNCPushNotificationIOS:
    :path: "../node_modules/@react-native-community/push-notification-ios"
  RNDeviceInfo:
    :path: "../node_modules/react-native-device-info"
  RNFastImage:
    :path: "../node_modules/react-native-fast-image"
  RNFBApp:
    :path: "../node_modules/@react-native-firebase/app"
  RNFBCrashlytics:
    :path: "../node_modules/@react-native-firebase/crashlytics"
  RNFBMessaging:
    :path: "../node_modules/@react-native-firebase/messaging"
  RNFileViewer:
    :path: "../node_modules/react-native-file-viewer"
  RNFS:
    :path: "../node_modules/react-native-fs"
  RNGestureHandler:
    :path: "../node_modules/react-native-gesture-handler"
  RNGoogleSignin:
    :path: "../node_modules/@react-native-community/google-signin"
  RNImageCropPicker:
    :path: "../node_modules/react-native-image-crop-picker"
  RNPermissions:
    :path: "../node_modules/react-native-permissions"
  RNReanimated:
    :path: "../node_modules/react-native-reanimated"
  RNScreens:
    :path: "../node_modules/react-native-screens"
  RNSound:
    :path: "../node_modules/react-native-sound"
  RNSoundPlayer:
    :path: "../node_modules/react-native-sound-player"
  RNSVG:
    :path: "../node_modules/react-native-svg"
  RNVectorIcons:
    :path: "../node_modules/react-native-vector-icons"
  simdjson:
    :path: "../node_modules/@nozbe/simdjson"
  TextToSpeech:
    :path: "../node_modules/react-native-tts"
  WatermelonDB:
    :path: "../node_modules/@nozbe/watermelondb"
  Yoga:
    :path: "../node_modules/react-native/ReactCommon/yoga"

SPEC CHECKSUMS:
  AppAuth: 31bcec809a638d7bd2f86ea8a52bd45f6e81e7c7
  boost-for-react-native: 39c7adb57c4e60d6c5479dd8623128eb5b3f0f2c
  BVLinearGradient: e3aad03778a456d77928f594a649e96995f1c872
  Charts: e0dd4cd8f257bccf98407b58183ddca8e8d5b578
  CocoaAsyncSocket: 065fd1e645c7abab64f7a6a2007a48038fdc6a99
  DoubleConversion: cf9b38bf0b2d048436d9a82ad2abe1404f11e7de
  FBLazyVector: e686045572151edef46010a6f819ade377dfeb4b
  FBReactNativeSpec: f4845146b4738339a5a9bdc612864d90c674a8bf
  Firebase: 78e8dd2e39d653de6270432ad84fe8b59f7bf4e8
  FirebaseCore: 20046127eef0fcb8fa25df7fc12f7b97d4e48611
  FirebaseCoreDiagnostics: d50e11039e5984d92c8a512be2395f13df747350
  FirebaseCrashlytics: c722e4ca283272eb90eb5bc245fdc6588e2f22c2
  FirebaseInstallations: a58d4f72ec5861840b84df489f2668d970df558a
  FirebaseInstanceID: ad5135045a498d7775903efd39762d2cdfa1be27
  FirebaseMessaging: 076054895c9260f82c7304cc7709dbf19b8f3e4a
  Flipper: d3da1aa199aad94455ae725e9f3aa43f3ec17021
  Flipper-DoubleConversion: 38631e41ef4f9b12861c67d17cb5518d06badc41
  Flipper-Folly: 755929a4f851b2fb2c347d533a23f191b008554c
  Flipper-Glog: 1dfd6abf1e922806c52ceb8701a3599a79a200a6
  Flipper-PeerTalk: 116d8f857dc6ef55c7a5a75ea3ceaafe878aadc9
  Flipper-RSocket: 127954abe8b162fcaf68d2134d34dc2bd7076154
  FlipperKit: 8a20b5c5fcf9436cac58551dc049867247f64b00
  glog: 73c2498ac6884b13ede40eda8228cb1eee9d9d62
  GoogleDataTransport: 116c84c4bdeb76be2a7a46de51244368f9794eab
  GoogleSignIn: 7137d297ddc022a7e0aa4619c86d72c909fa7213
  GoogleUtilities: eea970f4a389963963bffe8d8fabe43540678b9c
  GTMAppAuth: ad5c2b70b9a8689e1a04033c9369c4915bfcbe89
  GTMSessionFetcher: 36689134877faeb055b27dfa4ccc9ceaa42e029e
  hermes-engine: 7d97ba46a1e29bacf3e3c61ecb2804a5ddd02d4f
  libevent: 4049cae6c81cdb3654a443be001fb9bdceff7913
  libwebp: e90b9c01d99205d03b6bb8f2c8c415e5a4ef66f0
  nanopb: 1bf24dd71191072e120b83dd02d08f3da0d65e53
  OpenSSL-Universal: 1aa4f6a6ee7256b83db99ec1ccdaa80d10f9af9b
  Permission-Camera: 375576c57ea625c88137d2cc52ba6dfeb21db036
  Permission-Microphone: b3de743c3ffa4f6de043119c7cbd092c0d1f9b35
  Permission-PhotoLibrary: bb20a7ac8aec0f7459558e5fbe2bd0a6f2744be3
  PromisesObjC: 3113f7f76903778cf4a0586bd1ab89329a0b7b97
  RCT-Folly: ec7a233ccc97cc556cf7237f0db1ff65b986f27c
  RCTRequired: 6d3e854f0e7260a648badd0d44fc364bc9da9728
  RCTTypeSafety: c1f31d19349c6b53085766359caac425926fafaa
  React: bda6b6d7ae912de97d7a61aa5c160db24aa2ad69
  React-callinvoker: 9840ea7e8e88ed73d438edb725574820b29b5baa
  React-Core: b5e385da7ce5f16a220fc60fd0749eae2c6120f0
  React-CoreModules: 17071a4e2c5239b01585f4aa8070141168ab298f
  React-cxxreact: 9be7b6340ed9f7c53e53deca7779f07cd66525ba
  React-jsi: 67747b9722f6dab2ffe15b011bcf6b3f2c3f1427
  React-jsiexecutor: 80c46bd381fd06e418e0d4f53672dc1d1945c4c3
  React-jsinspector: cc614ec18a9ca96fd275100c16d74d62ee11f0ae
  react-native-create-thumbnail: 4c445d78f7fe6537292e169744faff065c4e71f8
  react-native-date-picker: 242eec7af56cea5fb2706d5db5d3837060b3884b
  react-native-document-picker: d2b8fa4d9b268a316515b1f631236f7a87813df6
  react-native-geolocation: cbd9d6bd06bac411eed2671810f454d4908484a8
  react-native-image-picker: 32d1ad2c0024ca36161ae0d5c2117e2d6c441f11
  react-native-image-resizer: 506412a2bdd70dde64a61e13505ce10f61a04369
  react-native-netinfo: 52cf0ee8342548a485e28f4b09e56b477567244d
  react-native-pager-view: c1a20ccec98ee4960fcfb67cb31660a0fa98d898
  react-native-pdf: ef641e79a6d550cfabe5d7ec1916799726514c43
  react-native-photo-view-ex: 201dddcbe44fe531b824eae5e1b99b1f494c0588
  react-native-progress-bar-android: ce95a69f11ac580799021633071368d08aaf9ad8
  react-native-progress-view: 11298da10e13c29bd28042bc0f284d9868f5da18
  react-native-receive-sharing-intent: 648f1eb35ae70886a8733d6be949042aa5111ffb
  react-native-safe-area-context: e471852c5ed67eea4b10c5d9d43c1cebae3b231d
  react-native-simple-toast: b986e6c1befdc211af3df1bae293278a44e32990
  react-native-video: 1574074179ecaf6a9dd067116c8f31bf9fec15c8
  react-native-voice: 0355d771838b00acfb4b112b2c496c2653e2f8c8
  react-native-webview: 4288b81c682bca4dcc9037afb3ee118af2655c03
  React-perflogger: 25373e382fed75ce768a443822f07098a15ab737
  React-RCTActionSheet: af7796ba49ffe4ca92e7277a5d992d37203f7da5
  React-RCTAnimation: 6a2e76ab50c6f25b428d81b76a5a45351c4d77aa
  React-RCTBlob: 02a2887023e0eed99391b6445b2e23a2a6f9226d
  React-RCTImage: ce5bf8e7438f2286d9b646a05d6ab11f38b0323d
  React-RCTLinking: ccd20742de14e020cb5f99d5c7e0bf0383aefbd9
  React-RCTNetwork: dfb9d089ab0753e5e5f55fc4b1210858f7245647
  React-RCTSettings: b14aef2d83699e48b410fb7c3ba5b66cd3291ae2
  React-RCTText: 41a2e952dd9adc5caf6fb68ed46b275194d5da5f
  React-RCTVibration: 24600e3b1aaa77126989bc58b6747509a1ba14f3
  React-runtimeexecutor: a9904c6d0218fb9f8b19d6dd88607225927668f9
  ReactCommon: 149906e01aa51142707a10665185db879898e966
  ReactNativeAudioToolkit: e3e27fbcd12080f54f8715c54de7a232d3beb98d
  rn-fetch-blob: f065bb7ab7fb48dd002629f8bdcb0336602d3cba
  RNAudioRecorderPlayer: c2b7deeab6ff758d8ffdb8ae37af928b30467377
  RNBootSplash: 9ee9547d214e05b0434df7698fe3e98b6456f399
  RNCAsyncStorage: cb9a623793918c6699586281f0b51cbc38f046f9
  RNCCheckbox: 500919ac122273ea8eef93dae01431091968c14a
  RNCClipboard: 5e299c6df8e0c98f3d7416b86ae563d3a9f768a3
  RNCharts: e9461314e1930516d6c986d1be00440aeb26d5f2
  RNCMaskedView: f5c7d14d6847b7b44853f7acb6284c1da30a3459
  RNCPicker: 914b557e20b3b8317b084aca9ff4b4edb95f61e4
  RNCPushNotificationIOS: 5b1cf9ad2aaa107ecb92d5d2d7005ba521b2b97a
  RNDeviceInfo: 49f6d50f861c7810fac2dd9b71cfb56cc1940e14
  RNFastImage: d4870d58f5936111c56218dbd7fcfc18e65b58ff
  RNFBApp: 801a8e94e91e46548b8b0a940c0c16a403d58662
  RNFBCrashlytics: 922f3a81044cbc2769efe2aee8963154b5aafb95
  RNFBMessaging: 423cf282fa0087465e0ed0a411f6de22cdc0f300
  RNFileViewer: 83cc066ad795b1f986791d03b56fe0ee14b6a69f
  RNFS: 93d5b5535eb39d98e6b19009faa8fe717f7ea45d
  RNGestureHandler: a479ebd5ed4221a810967000735517df0d2db211
  RNGoogleSignin: ccf71ee4b6cfd324fd788a41e457e2043838c0d9
  RNImageCropPicker: 08ba3a2e2f4f8833d606f01906c371e382c4dea9
  RNPermissions: 067727df624665d4a6c8e2cffcc172ba608b96ed
  RNReanimated: 9c13c86454bfd54dab7505c1a054470bfecd2563
  RNScreens: f7ad633b2e0190b77b6a7aab7f914fad6f198d8d
  RNSound: c980916b596cc15c8dcd2f6ecd3b13c4881dbe20
  RNSoundPlayer: a567e8049e0952f55c6b7b059628cf3d1a60c488
  RNSVG: 551acb6562324b1d52a4e0758f7ca0ec234e278f
  RNVectorIcons: bc69e6a278b14842063605de32bec61f0b251a59
  SDWebImage: a7f831e1a65eb5e285e3fb046a23fcfbf08e696d
  SDWebImageWebPCoder: d0dac55073088d24b2ac1b191a71a8f8d0adac21
  simdjson: cd070616d1bbef0b8235b294de476c9faac6bce0
  SwiftyJSON: 36413e04c44ee145039d332b4f4e2d3e8d6c4db7
  TextToSpeech: 4e2fc50c7495416c6da5a1662ad3f750c58d3c85
  Toast: 91b396c56ee72a5790816f40d3a94dd357abc196
  TOCropViewController: 3105367e808b7d3d886a74ff59bf4804e7d3ab38
  WatermelonDB: 2d459432d27de1796f78564042f0b1daa6241df0
  Yoga: 575c581c63e0d35c9a83f4b46d01d63abc1100ac
  YogaKit: f782866e155069a2cca2517aafea43200b01fd5a

PODFILE CHECKSUM: 256c82c50ea997fff34ba8672b9627841caf442d

COCOAPODS: 1.10.1
